
Microsoft Visual Studio Solution File, Format Version 12.00
# Visual Studio Version 17
VisualStudioVersion = 17.0.31903.59
MinimumVisualStudioVersion = 10.0.40219.1
Project("{9A19103F-16F7-4668-BE54-9A1E7A4F7556}") = "PetFamily.Web", "src\PetFamily.Web\PetFamily.Web.csproj", "{CF5D894E-E658-4E81-830B-4AE699912C39}"
EndProject
Project("{E53339B2-1760-4266-BCC7-CA923CBCF16C}") = "docker-compose", "docker-compose.dcproj", "{04F72B59-93CC-4930-B3CA-BE795AB5D82A}"
EndProject
Project("{2150E333-8FDC-42A3-9474-1A3956D46DE8}") = "tests", "tests", "{5C76B5E3-8332-46A6-8320-B1D3EFA78A93}"
EndProject
Project("{2150E333-8FDC-42A3-9474-1A3956D46DE8}") = "src", "src", "{91102D3A-671B-42DD-8B03-AAC63C2B0B7B}"
EndProject
Project("{2150E333-8FDC-42A3-9474-1A3956D46DE8}") = "Volunteers", "Volunteers", "{2F48597F-E304-444F-A4D2-04B389CE7D57}"
EndProject
Project("{2150E333-8FDC-42A3-9474-1A3956D46DE8}") = "Shared", "Shared", "{2653BA27-657B-4E00-A420-012C810BC291}"
EndProject
Project("{9A19103F-16F7-4668-BE54-9A1E7A4F7556}") = "PetFamily.SharedKernel", "src\Shared\PetFamily.SharedKernel\PetFamily.SharedKernel.csproj", "{0BCA17FC-80E8-425B-B98F-575979BF49D9}"
EndProject
Project("{9A19103F-16F7-4668-BE54-9A1E7A4F7556}") = "PetFamily.Core", "src\Shared\PetFamily.Core\PetFamily.Core.csproj", "{5B03BD41-9F6A-47E0-99C0-FEE38EDDBC76}"
EndProject
Project("{9A19103F-16F7-4668-BE54-9A1E7A4F7556}") = "PetFamily.Framework", "src\Shared\PetFamily.Framework\PetFamily.Framework.csproj", "{5D32F88E-B3D8-4856-9662-6AF2EF766DD6}"
EndProject
Project("{9A19103F-16F7-4668-BE54-9A1E7A4F7556}") = "PetFamily.Volunteers.Presentation", "src\Volunteers\PetFamily.Volunteers.Presentation\PetFamily.Volunteers.Presentation.csproj", "{C88A90AE-D779-4024-9EAD-21CB9113346B}"
EndProject
Project("{9A19103F-16F7-4668-BE54-9A1E7A4F7556}") = "PetFamily.Volunteers.Domain", "src\Volunteers\PetFamily.Volunteers.Domain\PetFamily.Volunteers.Domain.csproj", "{29996560-8BD9-49C6-AFE0-9EEF4F831211}"
EndProject
Project("{9A19103F-16F7-4668-BE54-9A1E7A4F7556}") = "PetFamily.Volunteers.Infrastructure", "src\Volunteers\PetFamily.Volunteers.Infrastructure\PetFamily.Volunteers.Infrastructure.csproj", "{727F894C-DB0A-4F8C-B108-97152C6D7426}"
EndProject
Project("{9A19103F-16F7-4668-BE54-9A1E7A4F7556}") = "PetFamily.Volunteers.Application", "src\Volunteers\PetFamily.Volunteers.Application\PetFamily.Volunteers.Application.csproj", "{5327CE12-35BB-4342-B3CF-6D27E20C171C}"
EndProject
Project("{9A19103F-16F7-4668-BE54-9A1E7A4F7556}") = "PetFamily.Volunteers.Contracts", "src\Volunteers\PetFamily.Volunteers.Contracts\PetFamily.Volunteers.Contracts.csproj", "{67C1DCEF-ED64-408E-990F-378CF370BD34}"
EndProject
Project("{2150E333-8FDC-42A3-9474-1A3956D46DE8}") = "Species", "Species", "{13E0C070-4A14-4353-ABA1-13536E324D61}"
EndProject
Project("{9A19103F-16F7-4668-BE54-9A1E7A4F7556}") = "PetFamily.Species.Domain", "src\Species\PetFamily.Species.Domain\PetFamily.Species.Domain.csproj", "{FB801F58-0656-414D-AB5C-FC13028713E7}"
EndProject
Project("{9A19103F-16F7-4668-BE54-9A1E7A4F7556}") = "PetFamily.Species.Application", "src\Species\PetFamily.Species.Application\PetFamily.Species.Application.csproj", "{1005C137-7086-4DF8-982E-EECB28B5CE00}"
EndProject
Project("{9A19103F-16F7-4668-BE54-9A1E7A4F7556}") = "PetFamily.Species.Infrastructure", "src\Species\PetFamily.Species.Infrastructure\PetFamily.Species.Infrastructure.csproj", "{C72B4553-9053-4CEA-AC41-9A98F33AF00B}"
EndProject
Project("{9A19103F-16F7-4668-BE54-9A1E7A4F7556}") = "PetFamily.Species.Presentation", "src\Species\PetFamily.Species.Presentation\PetFamily.Species.Presentation.csproj", "{2120662C-8EC0-4219-8242-7C17FA4328AC}"
EndProject
Project("{9A19103F-16F7-4668-BE54-9A1E7A4F7556}") = "PetFamily.Species.Contracts", "src\Species\PetFamily.Species.Contracts\PetFamily.Species.Contracts.csproj", "{7F020613-4F43-4A09-A0AA-1566A6064CCE}"
EndProject
Project("{9A19103F-16F7-4668-BE54-9A1E7A4F7556}") = "PetFamily.Application.IntegrationTests", "tests\PetFamily.Application.IntegrationTests\PetFamily.Application.IntegrationTests.csproj", "{A7D6A658-461B-4EC0-B7AD-5DB6306D711C}"
EndProject
Project("{9A19103F-16F7-4668-BE54-9A1E7A4F7556}") = "PetFamily.Domain.UnitTests", "tests\PetFamily.Domain.UnitTests\PetFamily.Domain.UnitTests.csproj", "{3D259ACD-8A35-4232-9600-40BCCA1BCB69}"
EndProject
Project("{2150E333-8FDC-42A3-9474-1A3956D46DE8}") = "Accounts", "Accounts", "{745F3676-358D-450A-94CF-B38AA0C9256E}"
EndProject
Project("{9A19103F-16F7-4668-BE54-9A1E7A4F7556}") = "PetFamily.Accounts.Infrastructure", "src\Accounts\PetFamily.Accounts.Infrastructure\PetFamily.Accounts.Infrastructure.csproj", "{63081B9F-3067-4DF6-B194-A773BBA0268E}"
EndProject
Project("{9A19103F-16F7-4668-BE54-9A1E7A4F7556}") = "PetFamily.Accounts.Application", "src\Accounts\PetFamily.Accounts.Application\PetFamily.Accounts.Application.csproj", "{CD8897CB-C866-44A0-8942-821943EECBA9}"
EndProject
Project("{9A19103F-16F7-4668-BE54-9A1E7A4F7556}") = "PetFamily.Accounts.Domain", "src\Accounts\PetFamily.Accounts.Domain\PetFamily.Accounts.Domain.csproj", "{B4392ED7-442C-47D8-BC56-547B38C59542}"
EndProject
Project("{9A19103F-16F7-4668-BE54-9A1E7A4F7556}") = "PetFamily.Accounts.Presentation", "src\Accounts\PetFamily.Accounts.Presentation\PetFamily.Accounts.Presentation.csproj", "{21EF6E3F-A472-418A-8942-95AB84CFDFC1}"
EndProject
Project("{9A19103F-16F7-4668-BE54-9A1E7A4F7556}") = "PetFamily.Accounts.Contracts", "src\Accounts\PetFamily.Accounts.Contracts\PetFamily.Accounts.Contracts.csproj", "{C5CED110-955D-44A0-B108-EA0DEB488287}"
EndProject
Project("{2150E333-8FDC-42A3-9474-1A3956D46DE8}") = "VolunteerRequest", "VolunteerRequest", "{56C980FB-80D3-4414-9D49-7221F43DF60C}"
EndProject
Project("{9A19103F-16F7-4668-BE54-9A1E7A4F7556}") = "PetFamily.VolunteerRequest.Domain", "src\VolunteerRequest\PetFamily.VolunteerRequest.Domain\PetFamily.VolunteerRequest.Domain.csproj", "{59070833-E914-4C40-86DE-BC748C1658D5}"
EndProject
Project("{9A19103F-16F7-4668-BE54-9A1E7A4F7556}") = "PetFamily.VolunteerRequest.Application", "src\VolunteerRequest\PetFamily.VolunteerRequest.Application\PetFamily.VolunteerRequest.Application.csproj", "{9E40FBBD-7A7F-4467-A252-F555128681AC}"
EndProject
Project("{9A19103F-16F7-4668-BE54-9A1E7A4F7556}") = "PetFamily.VolunteerRequest.Infrastructure", "src\VolunteerRequest\PetFamily.VolunteerRequest.Infrastructure\PetFamily.VolunteerRequest.Infrastructure.csproj", "{9DF26F8F-3E43-46F6-A311-210ABAF9D2AB}"
EndProject
Project("{9A19103F-16F7-4668-BE54-9A1E7A4F7556}") = "PetFamily.VolunteerRequest.Presentation", "src\VolunteerRequest\PetFamily.VolunteerRequest.Presentation\PetFamily.VolunteerRequest.Presentation.csproj", "{106901C6-BA3D-4E15-8F82-A1933C9BE48B}"
EndProject
Project("{9A19103F-16F7-4668-BE54-9A1E7A4F7556}") = "PetFamily.VolunteerRequest.Contracts", "src\VolunteerRequest\PetFamily.VolunteerRequest.Contracts\PetFamily.VolunteerRequest.Contracts.csproj", "{508496C7-7678-4EDE-9AC5-7060D33B2089}"
EndProject
Project("{9A19103F-16F7-4668-BE54-9A1E7A4F7556}") = "PetFamily.VolunteerRequest.Domain.UnitTests", "tests\PetFamily.VolunteerRequest.Domain.UnitTests\PetFamily.VolunteerRequest.Domain.UnitTests.csproj", "{864D8CB3-6F64-43B6-8658-B558D740D268}"
EndProject
Project("{2150E333-8FDC-42A3-9474-1A3956D46DE8}") = "Discussions", "Discussions", "{050983F7-3224-409F-B246-BE6A5CBAE5E8}"
EndProject
Project("{9A19103F-16F7-4668-BE54-9A1E7A4F7556}") = "PetFamily.Discussions.Domain", "src\Discussions\PetFamily.Discussions.Domain\PetFamily.Discussions.Domain.csproj", "{46444358-6A0A-4E83-AA56-28E78A6FB831}"
EndProject
Project("{9A19103F-16F7-4668-BE54-9A1E7A4F7556}") = "PetFamily.Discussions.Infrastructure", "src\Discussions\PetFamily.Discussions.Infrastructure\PetFamily.Discussions.Infrastructure.csproj", "{9C32A849-F072-4A1F-847B-AE4CC2262A8F}"
EndProject
Project("{9A19103F-16F7-4668-BE54-9A1E7A4F7556}") = "PetFamily.Discussions.Application", "src\Discussions\PetFamily.Discussions.Application\PetFamily.Discussions.Application.csproj", "{BF4084FD-890B-4FFA-997F-0D0111B5E633}"
EndProject
Project("{9A19103F-16F7-4668-BE54-9A1E7A4F7556}") = "PetFamily.Discussions.Presentation", "src\Discussions\PetFamily.Discussions.Presentation\PetFamily.Discussions.Presentation.csproj", "{26B2920D-9812-450D-8BFE-8DA303492842}"
EndProject
Project("{9A19103F-16F7-4668-BE54-9A1E7A4F7556}") = "PetFamily.Discussions.Contracts", "src\Discussions\PetFamily.Discussions.Contracts\PetFamily.Discussions.Contracts.csproj", "{2A221987-8519-4119-A3E7-BD3B0AE6AE02}"
EndProject
Project("{FAE04EC0-301F-11D3-BF4B-00C04F79EFBC}") = "PetFamily.Discussions.Domain.UnitTests", "tests\PetFamily.Discussions.Domain.UnitTests\PetFamily.Discussions.Domain.UnitTests.csproj", "{3F41FF58-373F-4DF1-A1E6-7C02A013E514}"
EndProject
Global
	GlobalSection(SolutionConfigurationPlatforms) = preSolution
		Debug|Any CPU = Debug|Any CPU
		Release|Any CPU = Release|Any CPU
	EndGlobalSection
	GlobalSection(ProjectConfigurationPlatforms) = postSolution
		{CF5D894E-E658-4E81-830B-4AE699912C39}.Debug|Any CPU.ActiveCfg = Debug|Any CPU
		{CF5D894E-E658-4E81-830B-4AE699912C39}.Debug|Any CPU.Build.0 = Debug|Any CPU
		{CF5D894E-E658-4E81-830B-4AE699912C39}.Release|Any CPU.ActiveCfg = Release|Any CPU
		{CF5D894E-E658-4E81-830B-4AE699912C39}.Release|Any CPU.Build.0 = Release|Any CPU
		{04F72B59-93CC-4930-B3CA-BE795AB5D82A}.Debug|Any CPU.ActiveCfg = Debug|Any CPU
		{04F72B59-93CC-4930-B3CA-BE795AB5D82A}.Debug|Any CPU.Build.0 = Debug|Any CPU
		{04F72B59-93CC-4930-B3CA-BE795AB5D82A}.Release|Any CPU.ActiveCfg = Release|Any CPU
		{04F72B59-93CC-4930-B3CA-BE795AB5D82A}.Release|Any CPU.Build.0 = Release|Any CPU
		{0BCA17FC-80E8-425B-B98F-575979BF49D9}.Debug|Any CPU.ActiveCfg = Debug|Any CPU
		{0BCA17FC-80E8-425B-B98F-575979BF49D9}.Debug|Any CPU.Build.0 = Debug|Any CPU
		{0BCA17FC-80E8-425B-B98F-575979BF49D9}.Release|Any CPU.ActiveCfg = Release|Any CPU
		{0BCA17FC-80E8-425B-B98F-575979BF49D9}.Release|Any CPU.Build.0 = Release|Any CPU
		{5B03BD41-9F6A-47E0-99C0-FEE38EDDBC76}.Debug|Any CPU.ActiveCfg = Debug|Any CPU
		{5B03BD41-9F6A-47E0-99C0-FEE38EDDBC76}.Debug|Any CPU.Build.0 = Debug|Any CPU
		{5B03BD41-9F6A-47E0-99C0-FEE38EDDBC76}.Release|Any CPU.ActiveCfg = Release|Any CPU
		{5B03BD41-9F6A-47E0-99C0-FEE38EDDBC76}.Release|Any CPU.Build.0 = Release|Any CPU
		{5D32F88E-B3D8-4856-9662-6AF2EF766DD6}.Debug|Any CPU.ActiveCfg = Debug|Any CPU
		{5D32F88E-B3D8-4856-9662-6AF2EF766DD6}.Debug|Any CPU.Build.0 = Debug|Any CPU
		{5D32F88E-B3D8-4856-9662-6AF2EF766DD6}.Release|Any CPU.ActiveCfg = Release|Any CPU
		{5D32F88E-B3D8-4856-9662-6AF2EF766DD6}.Release|Any CPU.Build.0 = Release|Any CPU
		{C88A90AE-D779-4024-9EAD-21CB9113346B}.Debug|Any CPU.ActiveCfg = Debug|Any CPU
		{C88A90AE-D779-4024-9EAD-21CB9113346B}.Debug|Any CPU.Build.0 = Debug|Any CPU
		{C88A90AE-D779-4024-9EAD-21CB9113346B}.Release|Any CPU.ActiveCfg = Release|Any CPU
		{C88A90AE-D779-4024-9EAD-21CB9113346B}.Release|Any CPU.Build.0 = Release|Any CPU
		{29996560-8BD9-49C6-AFE0-9EEF4F831211}.Debug|Any CPU.ActiveCfg = Debug|Any CPU
		{29996560-8BD9-49C6-AFE0-9EEF4F831211}.Debug|Any CPU.Build.0 = Debug|Any CPU
		{29996560-8BD9-49C6-AFE0-9EEF4F831211}.Release|Any CPU.ActiveCfg = Release|Any CPU
		{29996560-8BD9-49C6-AFE0-9EEF4F831211}.Release|Any CPU.Build.0 = Release|Any CPU
		{727F894C-DB0A-4F8C-B108-97152C6D7426}.Debug|Any CPU.ActiveCfg = Debug|Any CPU
		{727F894C-DB0A-4F8C-B108-97152C6D7426}.Debug|Any CPU.Build.0 = Debug|Any CPU
		{727F894C-DB0A-4F8C-B108-97152C6D7426}.Release|Any CPU.ActiveCfg = Release|Any CPU
		{727F894C-DB0A-4F8C-B108-97152C6D7426}.Release|Any CPU.Build.0 = Release|Any CPU
		{5327CE12-35BB-4342-B3CF-6D27E20C171C}.Debug|Any CPU.ActiveCfg = Debug|Any CPU
		{5327CE12-35BB-4342-B3CF-6D27E20C171C}.Debug|Any CPU.Build.0 = Debug|Any CPU
		{5327CE12-35BB-4342-B3CF-6D27E20C171C}.Release|Any CPU.ActiveCfg = Release|Any CPU
		{5327CE12-35BB-4342-B3CF-6D27E20C171C}.Release|Any CPU.Build.0 = Release|Any CPU
		{67C1DCEF-ED64-408E-990F-378CF370BD34}.Debug|Any CPU.ActiveCfg = Debug|Any CPU
		{67C1DCEF-ED64-408E-990F-378CF370BD34}.Debug|Any CPU.Build.0 = Debug|Any CPU
		{67C1DCEF-ED64-408E-990F-378CF370BD34}.Release|Any CPU.ActiveCfg = Release|Any CPU
		{67C1DCEF-ED64-408E-990F-378CF370BD34}.Release|Any CPU.Build.0 = Release|Any CPU
		{FB801F58-0656-414D-AB5C-FC13028713E7}.Debug|Any CPU.ActiveCfg = Debug|Any CPU
		{FB801F58-0656-414D-AB5C-FC13028713E7}.Debug|Any CPU.Build.0 = Debug|Any CPU
		{FB801F58-0656-414D-AB5C-FC13028713E7}.Release|Any CPU.ActiveCfg = Release|Any CPU
		{FB801F58-0656-414D-AB5C-FC13028713E7}.Release|Any CPU.Build.0 = Release|Any CPU
		{1005C137-7086-4DF8-982E-EECB28B5CE00}.Debug|Any CPU.ActiveCfg = Debug|Any CPU
		{1005C137-7086-4DF8-982E-EECB28B5CE00}.Debug|Any CPU.Build.0 = Debug|Any CPU
		{1005C137-7086-4DF8-982E-EECB28B5CE00}.Release|Any CPU.ActiveCfg = Release|Any CPU
		{1005C137-7086-4DF8-982E-EECB28B5CE00}.Release|Any CPU.Build.0 = Release|Any CPU
		{C72B4553-9053-4CEA-AC41-9A98F33AF00B}.Debug|Any CPU.ActiveCfg = Debug|Any CPU
		{C72B4553-9053-4CEA-AC41-9A98F33AF00B}.Debug|Any CPU.Build.0 = Debug|Any CPU
		{C72B4553-9053-4CEA-AC41-9A98F33AF00B}.Release|Any CPU.ActiveCfg = Release|Any CPU
		{C72B4553-9053-4CEA-AC41-9A98F33AF00B}.Release|Any CPU.Build.0 = Release|Any CPU
		{2120662C-8EC0-4219-8242-7C17FA4328AC}.Debug|Any CPU.ActiveCfg = Debug|Any CPU
		{2120662C-8EC0-4219-8242-7C17FA4328AC}.Debug|Any CPU.Build.0 = Debug|Any CPU
		{2120662C-8EC0-4219-8242-7C17FA4328AC}.Release|Any CPU.ActiveCfg = Release|Any CPU
		{2120662C-8EC0-4219-8242-7C17FA4328AC}.Release|Any CPU.Build.0 = Release|Any CPU
		{7F020613-4F43-4A09-A0AA-1566A6064CCE}.Debug|Any CPU.ActiveCfg = Debug|Any CPU
		{7F020613-4F43-4A09-A0AA-1566A6064CCE}.Debug|Any CPU.Build.0 = Debug|Any CPU
		{7F020613-4F43-4A09-A0AA-1566A6064CCE}.Release|Any CPU.ActiveCfg = Release|Any CPU
		{7F020613-4F43-4A09-A0AA-1566A6064CCE}.Release|Any CPU.Build.0 = Release|Any CPU
		{A7D6A658-461B-4EC0-B7AD-5DB6306D711C}.Debug|Any CPU.ActiveCfg = Debug|Any CPU
		{A7D6A658-461B-4EC0-B7AD-5DB6306D711C}.Debug|Any CPU.Build.0 = Debug|Any CPU
		{A7D6A658-461B-4EC0-B7AD-5DB6306D711C}.Release|Any CPU.ActiveCfg = Release|Any CPU
		{A7D6A658-461B-4EC0-B7AD-5DB6306D711C}.Release|Any CPU.Build.0 = Release|Any CPU
		{3D259ACD-8A35-4232-9600-40BCCA1BCB69}.Debug|Any CPU.ActiveCfg = Debug|Any CPU
		{3D259ACD-8A35-4232-9600-40BCCA1BCB69}.Debug|Any CPU.Build.0 = Debug|Any CPU
		{3D259ACD-8A35-4232-9600-40BCCA1BCB69}.Release|Any CPU.ActiveCfg = Release|Any CPU
		{3D259ACD-8A35-4232-9600-40BCCA1BCB69}.Release|Any CPU.Build.0 = Release|Any CPU
		{63081B9F-3067-4DF6-B194-A773BBA0268E}.Debug|Any CPU.ActiveCfg = Debug|Any CPU
		{63081B9F-3067-4DF6-B194-A773BBA0268E}.Debug|Any CPU.Build.0 = Debug|Any CPU
		{63081B9F-3067-4DF6-B194-A773BBA0268E}.Release|Any CPU.ActiveCfg = Release|Any CPU
		{63081B9F-3067-4DF6-B194-A773BBA0268E}.Release|Any CPU.Build.0 = Release|Any CPU
		{CD8897CB-C866-44A0-8942-821943EECBA9}.Debug|Any CPU.ActiveCfg = Debug|Any CPU
		{CD8897CB-C866-44A0-8942-821943EECBA9}.Debug|Any CPU.Build.0 = Debug|Any CPU
		{CD8897CB-C866-44A0-8942-821943EECBA9}.Release|Any CPU.ActiveCfg = Release|Any CPU
		{CD8897CB-C866-44A0-8942-821943EECBA9}.Release|Any CPU.Build.0 = Release|Any CPU
		{B4392ED7-442C-47D8-BC56-547B38C59542}.Debug|Any CPU.ActiveCfg = Debug|Any CPU
		{B4392ED7-442C-47D8-BC56-547B38C59542}.Debug|Any CPU.Build.0 = Debug|Any CPU
		{B4392ED7-442C-47D8-BC56-547B38C59542}.Release|Any CPU.ActiveCfg = Release|Any CPU
		{B4392ED7-442C-47D8-BC56-547B38C59542}.Release|Any CPU.Build.0 = Release|Any CPU
		{21EF6E3F-A472-418A-8942-95AB84CFDFC1}.Debug|Any CPU.ActiveCfg = Debug|Any CPU
		{21EF6E3F-A472-418A-8942-95AB84CFDFC1}.Debug|Any CPU.Build.0 = Debug|Any CPU
		{21EF6E3F-A472-418A-8942-95AB84CFDFC1}.Release|Any CPU.ActiveCfg = Release|Any CPU
		{21EF6E3F-A472-418A-8942-95AB84CFDFC1}.Release|Any CPU.Build.0 = Release|Any CPU
		{C5CED110-955D-44A0-B108-EA0DEB488287}.Debug|Any CPU.ActiveCfg = Debug|Any CPU
		{C5CED110-955D-44A0-B108-EA0DEB488287}.Debug|Any CPU.Build.0 = Debug|Any CPU
		{C5CED110-955D-44A0-B108-EA0DEB488287}.Release|Any CPU.ActiveCfg = Release|Any CPU
		{C5CED110-955D-44A0-B108-EA0DEB488287}.Release|Any CPU.Build.0 = Release|Any CPU
		{59070833-E914-4C40-86DE-BC748C1658D5}.Debug|Any CPU.ActiveCfg = Debug|Any CPU
		{59070833-E914-4C40-86DE-BC748C1658D5}.Debug|Any CPU.Build.0 = Debug|Any CPU
		{59070833-E914-4C40-86DE-BC748C1658D5}.Release|Any CPU.ActiveCfg = Release|Any CPU
		{59070833-E914-4C40-86DE-BC748C1658D5}.Release|Any CPU.Build.0 = Release|Any CPU
		{9E40FBBD-7A7F-4467-A252-F555128681AC}.Debug|Any CPU.ActiveCfg = Debug|Any CPU
		{9E40FBBD-7A7F-4467-A252-F555128681AC}.Debug|Any CPU.Build.0 = Debug|Any CPU
		{9E40FBBD-7A7F-4467-A252-F555128681AC}.Release|Any CPU.ActiveCfg = Release|Any CPU
		{9E40FBBD-7A7F-4467-A252-F555128681AC}.Release|Any CPU.Build.0 = Release|Any CPU
		{9DF26F8F-3E43-46F6-A311-210ABAF9D2AB}.Debug|Any CPU.ActiveCfg = Debug|Any CPU
		{9DF26F8F-3E43-46F6-A311-210ABAF9D2AB}.Debug|Any CPU.Build.0 = Debug|Any CPU
		{9DF26F8F-3E43-46F6-A311-210ABAF9D2AB}.Release|Any CPU.ActiveCfg = Release|Any CPU
		{9DF26F8F-3E43-46F6-A311-210ABAF9D2AB}.Release|Any CPU.Build.0 = Release|Any CPU
		{106901C6-BA3D-4E15-8F82-A1933C9BE48B}.Debug|Any CPU.ActiveCfg = Debug|Any CPU
		{106901C6-BA3D-4E15-8F82-A1933C9BE48B}.Debug|Any CPU.Build.0 = Debug|Any CPU
		{106901C6-BA3D-4E15-8F82-A1933C9BE48B}.Release|Any CPU.ActiveCfg = Release|Any CPU
		{106901C6-BA3D-4E15-8F82-A1933C9BE48B}.Release|Any CPU.Build.0 = Release|Any CPU
		{508496C7-7678-4EDE-9AC5-7060D33B2089}.Debug|Any CPU.ActiveCfg = Debug|Any CPU
		{508496C7-7678-4EDE-9AC5-7060D33B2089}.Debug|Any CPU.Build.0 = Debug|Any CPU
		{508496C7-7678-4EDE-9AC5-7060D33B2089}.Release|Any CPU.ActiveCfg = Release|Any CPU
		{508496C7-7678-4EDE-9AC5-7060D33B2089}.Release|Any CPU.Build.0 = Release|Any CPU
		{864D8CB3-6F64-43B6-8658-B558D740D268}.Debug|Any CPU.ActiveCfg = Debug|Any CPU
		{864D8CB3-6F64-43B6-8658-B558D740D268}.Debug|Any CPU.Build.0 = Debug|Any CPU
		{864D8CB3-6F64-43B6-8658-B558D740D268}.Release|Any CPU.ActiveCfg = Release|Any CPU
		{864D8CB3-6F64-43B6-8658-B558D740D268}.Release|Any CPU.Build.0 = Release|Any CPU
		{46444358-6A0A-4E83-AA56-28E78A6FB831}.Debug|Any CPU.ActiveCfg = Debug|Any CPU
		{46444358-6A0A-4E83-AA56-28E78A6FB831}.Debug|Any CPU.Build.0 = Debug|Any CPU
		{46444358-6A0A-4E83-AA56-28E78A6FB831}.Release|Any CPU.ActiveCfg = Release|Any CPU
		{46444358-6A0A-4E83-AA56-28E78A6FB831}.Release|Any CPU.Build.0 = Release|Any CPU
		{9C32A849-F072-4A1F-847B-AE4CC2262A8F}.Debug|Any CPU.ActiveCfg = Debug|Any CPU
		{9C32A849-F072-4A1F-847B-AE4CC2262A8F}.Debug|Any CPU.Build.0 = Debug|Any CPU
		{9C32A849-F072-4A1F-847B-AE4CC2262A8F}.Release|Any CPU.ActiveCfg = Release|Any CPU
		{9C32A849-F072-4A1F-847B-AE4CC2262A8F}.Release|Any CPU.Build.0 = Release|Any CPU
		{BF4084FD-890B-4FFA-997F-0D0111B5E633}.Debug|Any CPU.ActiveCfg = Debug|Any CPU
		{BF4084FD-890B-4FFA-997F-0D0111B5E633}.Debug|Any CPU.Build.0 = Debug|Any CPU
		{BF4084FD-890B-4FFA-997F-0D0111B5E633}.Release|Any CPU.ActiveCfg = Release|Any CPU
		{BF4084FD-890B-4FFA-997F-0D0111B5E633}.Release|Any CPU.Build.0 = Release|Any CPU
		{26B2920D-9812-450D-8BFE-8DA303492842}.Debug|Any CPU.ActiveCfg = Debug|Any CPU
		{26B2920D-9812-450D-8BFE-8DA303492842}.Debug|Any CPU.Build.0 = Debug|Any CPU
		{26B2920D-9812-450D-8BFE-8DA303492842}.Release|Any CPU.ActiveCfg = Release|Any CPU
		{26B2920D-9812-450D-8BFE-8DA303492842}.Release|Any CPU.Build.0 = Release|Any CPU
		{2A221987-8519-4119-A3E7-BD3B0AE6AE02}.Debug|Any CPU.ActiveCfg = Debug|Any CPU
		{2A221987-8519-4119-A3E7-BD3B0AE6AE02}.Debug|Any CPU.Build.0 = Debug|Any CPU
		{2A221987-8519-4119-A3E7-BD3B0AE6AE02}.Release|Any CPU.ActiveCfg = Release|Any CPU
		{2A221987-8519-4119-A3E7-BD3B0AE6AE02}.Release|Any CPU.Build.0 = Release|Any CPU
		{3F41FF58-373F-4DF1-A1E6-7C02A013E514}.Debug|Any CPU.ActiveCfg = Debug|Any CPU
		{3F41FF58-373F-4DF1-A1E6-7C02A013E514}.Debug|Any CPU.Build.0 = Debug|Any CPU
		{3F41FF58-373F-4DF1-A1E6-7C02A013E514}.Release|Any CPU.ActiveCfg = Release|Any CPU
		{3F41FF58-373F-4DF1-A1E6-7C02A013E514}.Release|Any CPU.Build.0 = Release|Any CPU
	EndGlobalSection
	GlobalSection(SolutionProperties) = preSolution
		HideSolutionNode = FALSE
	EndGlobalSection
	GlobalSection(NestedProjects) = preSolution
		{2F48597F-E304-444F-A4D2-04B389CE7D57} = {91102D3A-671B-42DD-8B03-AAC63C2B0B7B}
		{2653BA27-657B-4E00-A420-012C810BC291} = {91102D3A-671B-42DD-8B03-AAC63C2B0B7B}
		{0BCA17FC-80E8-425B-B98F-575979BF49D9} = {2653BA27-657B-4E00-A420-012C810BC291}
		{5B03BD41-9F6A-47E0-99C0-FEE38EDDBC76} = {2653BA27-657B-4E00-A420-012C810BC291}
		{5D32F88E-B3D8-4856-9662-6AF2EF766DD6} = {2653BA27-657B-4E00-A420-012C810BC291}
		{C88A90AE-D779-4024-9EAD-21CB9113346B} = {2F48597F-E304-444F-A4D2-04B389CE7D57}
		{29996560-8BD9-49C6-AFE0-9EEF4F831211} = {2F48597F-E304-444F-A4D2-04B389CE7D57}
		{727F894C-DB0A-4F8C-B108-97152C6D7426} = {2F48597F-E304-444F-A4D2-04B389CE7D57}
		{5327CE12-35BB-4342-B3CF-6D27E20C171C} = {2F48597F-E304-444F-A4D2-04B389CE7D57}
		{67C1DCEF-ED64-408E-990F-378CF370BD34} = {2F48597F-E304-444F-A4D2-04B389CE7D57}
		{13E0C070-4A14-4353-ABA1-13536E324D61} = {91102D3A-671B-42DD-8B03-AAC63C2B0B7B}
		{FB801F58-0656-414D-AB5C-FC13028713E7} = {13E0C070-4A14-4353-ABA1-13536E324D61}
		{1005C137-7086-4DF8-982E-EECB28B5CE00} = {13E0C070-4A14-4353-ABA1-13536E324D61}
		{C72B4553-9053-4CEA-AC41-9A98F33AF00B} = {13E0C070-4A14-4353-ABA1-13536E324D61}
		{2120662C-8EC0-4219-8242-7C17FA4328AC} = {13E0C070-4A14-4353-ABA1-13536E324D61}
		{7F020613-4F43-4A09-A0AA-1566A6064CCE} = {13E0C070-4A14-4353-ABA1-13536E324D61}
		{A7D6A658-461B-4EC0-B7AD-5DB6306D711C} = {5C76B5E3-8332-46A6-8320-B1D3EFA78A93}
		{3D259ACD-8A35-4232-9600-40BCCA1BCB69} = {5C76B5E3-8332-46A6-8320-B1D3EFA78A93}
		{745F3676-358D-450A-94CF-B38AA0C9256E} = {91102D3A-671B-42DD-8B03-AAC63C2B0B7B}
		{63081B9F-3067-4DF6-B194-A773BBA0268E} = {745F3676-358D-450A-94CF-B38AA0C9256E}
		{CD8897CB-C866-44A0-8942-821943EECBA9} = {745F3676-358D-450A-94CF-B38AA0C9256E}
		{B4392ED7-442C-47D8-BC56-547B38C59542} = {745F3676-358D-450A-94CF-B38AA0C9256E}
		{21EF6E3F-A472-418A-8942-95AB84CFDFC1} = {745F3676-358D-450A-94CF-B38AA0C9256E}
		{C5CED110-955D-44A0-B108-EA0DEB488287} = {745F3676-358D-450A-94CF-B38AA0C9256E}
		{56C980FB-80D3-4414-9D49-7221F43DF60C} = {91102D3A-671B-42DD-8B03-AAC63C2B0B7B}
		{59070833-E914-4C40-86DE-BC748C1658D5} = {56C980FB-80D3-4414-9D49-7221F43DF60C}
		{9E40FBBD-7A7F-4467-A252-F555128681AC} = {56C980FB-80D3-4414-9D49-7221F43DF60C}
		{9DF26F8F-3E43-46F6-A311-210ABAF9D2AB} = {56C980FB-80D3-4414-9D49-7221F43DF60C}
		{106901C6-BA3D-4E15-8F82-A1933C9BE48B} = {56C980FB-80D3-4414-9D49-7221F43DF60C}
		{508496C7-7678-4EDE-9AC5-7060D33B2089} = {56C980FB-80D3-4414-9D49-7221F43DF60C}
		{864D8CB3-6F64-43B6-8658-B558D740D268} = {5C76B5E3-8332-46A6-8320-B1D3EFA78A93}
		{050983F7-3224-409F-B246-BE6A5CBAE5E8} = {91102D3A-671B-42DD-8B03-AAC63C2B0B7B}
		{46444358-6A0A-4E83-AA56-28E78A6FB831} = {050983F7-3224-409F-B246-BE6A5CBAE5E8}
		{9C32A849-F072-4A1F-847B-AE4CC2262A8F} = {050983F7-3224-409F-B246-BE6A5CBAE5E8}
		{BF4084FD-890B-4FFA-997F-0D0111B5E633} = {050983F7-3224-409F-B246-BE6A5CBAE5E8}
		{26B2920D-9812-450D-8BFE-8DA303492842} = {050983F7-3224-409F-B246-BE6A5CBAE5E8}
		{2A221987-8519-4119-A3E7-BD3B0AE6AE02} = {050983F7-3224-409F-B246-BE6A5CBAE5E8}
		{3F41FF58-373F-4DF1-A1E6-7C02A013E514} = {5C76B5E3-8332-46A6-8320-B1D3EFA78A93}
	EndGlobalSection
	GlobalSection(ExtensibilityGlobals) = postSolution
		SolutionGuid = {6F1A69B7-94CC-4170-8CF0-4BAA5EA4C2CC}
	EndGlobalSection
EndGlobal
